
Microsoft Visual Studio Solution File, Format Version 12.00
# Visual Studio 15
VisualStudioVersion = 15.0.28307.757
MinimumVisualStudioVersion = 10.0.40219.1
Project("{FAE04EC0-301F-11D3-BF4B-00C04F79EFBC}") = "TraineeMangement", "TraineeMangement\TraineeMangement.csproj", "{83039DCE-A4ED-421D-929C-0F95E170F79A}"
EndProject
Global
	GlobalSection(SolutionConfigurationPlatforms) = preSolution
		Debug|Any CPU = Debug|Any CPU
		Release|Any CPU = Release|Any CPU
	EndGlobalSection
	GlobalSection(ProjectConfigurationPlatforms) = postSolution
		{83039DCE-A4ED-421D-929C-0F95E170F79A}.Debug|Any CPU.ActiveCfg = Debug|Any CPU
		{83039DCE-A4ED-421D-929C-0F95E170F79A}.Debug|Any CPU.Build.0 = Debug|Any CPU
		{83039DCE-A4ED-421D-929C-0F95E170F79A}.Release|Any CPU.ActiveCfg = Release|Any CPU
		{83039DCE-A4ED-421D-929C-0F95E170F79A}.Release|Any CPU.Build.0 = Release|Any CPU
	EndGlobalSection
	GlobalSection(SolutionProperties) = preSolution
		HideSolutionNode = FALSE
	EndGlobalSection
	GlobalSection(ExtensibilityGlobals) = postSolution
		SolutionGuid = {B020AE51-B727-41ED-AF7F-0EE92FDBEA38}
	EndGlobalSection
EndGlobal
